
Microsoft Visual Studio Solution File, Format Version 12.00
# Visual Studio Version 17
VisualStudioVersion = 17.11.35208.52
MinimumVisualStudioVersion = 10.0.40219.1
Project("{FAE04EC0-301F-11D3-BF4B-00C04F79EFBC}") = "Lumix.API", "Lumix.API\Lumix.API.csproj", "{FADAD7D1-DCDC-47B0-9821-4B25CD5B790B}"
EndProject
Project("{FAE04EC0-301F-11D3-BF4B-00C04F79EFBC}") = "Lumix.Core", "Lumix.Core\Lumix.Core.csproj", "{A191806A-7B14-494C-BEDA-76A94D337FE1}"
EndProject
Project("{FAE04EC0-301F-11D3-BF4B-00C04F79EFBC}") = "Lumix.Application", "Lumix.Application\Lumix.Application.csproj", "{47F61F2E-47D9-4A96-A960-CA594A7C28DA}"
EndProject
Project("{FAE04EC0-301F-11D3-BF4B-00C04F79EFBC}") = "Lumix.Infrastructure", "Lumix.Infrastructure\Lumix.Infrastructure.csproj", "{EFD2A3C0-19FB-4A2E-9314-474CC076F315}"
EndProject
Project("{FAE04EC0-301F-11D3-BF4B-00C04F79EFBC}") = "Lumix.Persistence", "Lumix.Persistence\Lumix.Persistence.csproj", "{1181AF66-CF76-4FEE-9074-1C3D0D89898A}"
EndProject
Global
	GlobalSection(SolutionConfigurationPlatforms) = preSolution
		Debug|Any CPU = Debug|Any CPU
		Release|Any CPU = Release|Any CPU
	EndGlobalSection
	GlobalSection(ProjectConfigurationPlatforms) = postSolution
		{FADAD7D1-DCDC-47B0-9821-4B25CD5B790B}.Debug|Any CPU.ActiveCfg = Debug|Any CPU
		{FADAD7D1-DCDC-47B0-9821-4B25CD5B790B}.Debug|Any CPU.Build.0 = Debug|Any CPU
		{FADAD7D1-DCDC-47B0-9821-4B25CD5B790B}.Release|Any CPU.ActiveCfg = Release|Any CPU
		{FADAD7D1-DCDC-47B0-9821-4B25CD5B790B}.Release|Any CPU.Build.0 = Release|Any CPU
		{A191806A-7B14-494C-BEDA-76A94D337FE1}.Debug|Any CPU.ActiveCfg = Debug|Any CPU
		{A191806A-7B14-494C-BEDA-76A94D337FE1}.Debug|Any CPU.Build.0 = Debug|Any CPU
		{A191806A-7B14-494C-BEDA-76A94D337FE1}.Release|Any CPU.ActiveCfg = Release|Any CPU
		{A191806A-7B14-494C-BEDA-76A94D337FE1}.Release|Any CPU.Build.0 = Release|Any CPU
		{47F61F2E-47D9-4A96-A960-CA594A7C28DA}.Debug|Any CPU.ActiveCfg = Debug|Any CPU
		{47F61F2E-47D9-4A96-A960-CA594A7C28DA}.Debug|Any CPU.Build.0 = Debug|Any CPU
		{47F61F2E-47D9-4A96-A960-CA594A7C28DA}.Release|Any CPU.ActiveCfg = Release|Any CPU
		{47F61F2E-47D9-4A96-A960-CA594A7C28DA}.Release|Any CPU.Build.0 = Release|Any CPU
		{EFD2A3C0-19FB-4A2E-9314-474CC076F315}.Debug|Any CPU.ActiveCfg = Debug|Any CPU
		{EFD2A3C0-19FB-4A2E-9314-474CC076F315}.Debug|Any CPU.Build.0 = Debug|Any CPU
		{EFD2A3C0-19FB-4A2E-9314-474CC076F315}.Release|Any CPU.ActiveCfg = Release|Any CPU
		{EFD2A3C0-19FB-4A2E-9314-474CC076F315}.Release|Any CPU.Build.0 = Release|Any CPU
		{1181AF66-CF76-4FEE-9074-1C3D0D89898A}.Debug|Any CPU.ActiveCfg = Debug|Any CPU
		{1181AF66-CF76-4FEE-9074-1C3D0D89898A}.Debug|Any CPU.Build.0 = Debug|Any CPU
		{1181AF66-CF76-4FEE-9074-1C3D0D89898A}.Release|Any CPU.ActiveCfg = Release|Any CPU
		{1181AF66-CF76-4FEE-9074-1C3D0D89898A}.Release|Any CPU.Build.0 = Release|Any CPU
	EndGlobalSection
	GlobalSection(SolutionProperties) = preSolution
		HideSolutionNode = FALSE
	EndGlobalSection
	GlobalSection(ExtensibilityGlobals) = postSolution
		SolutionGuid = {D2801111-F60E-476E-824E-5B1E1070895D}
	EndGlobalSection
EndGlobal
